
Microsoft Visual Studio Solution File, Format Version 12.00
# Visual Studio 15
VisualStudioVersion = 15.0.28307.902
MinimumVisualStudioVersion = 10.0.40219.1
Project("{FAE04EC0-301F-11D3-BF4B-00C04F79EFBC}") = "SingletonPattern", "SingletonPattern\SingletonPattern.csproj", "{07E626C4-85E9-43F0-8F76-551B8C3CB060}"
EndProject
Project("{FAE04EC0-301F-11D3-BF4B-00C04F79EFBC}") = "Monostate", "Monostate\Monostate.csproj", "{CBB1B4A6-A746-4B8D-B575-EBE4336B74D9}"
EndProject
Global
	GlobalSection(SolutionConfigurationPlatforms) = preSolution
		Debug|Any CPU = Debug|Any CPU
		Release|Any CPU = Release|Any CPU
	EndGlobalSection
	GlobalSection(ProjectConfigurationPlatforms) = postSolution
		{07E626C4-85E9-43F0-8F76-551B8C3CB060}.Debug|Any CPU.ActiveCfg = Debug|Any CPU
		{07E626C4-85E9-43F0-8F76-551B8C3CB060}.Debug|Any CPU.Build.0 = Debug|Any CPU
		{07E626C4-85E9-43F0-8F76-551B8C3CB060}.Release|Any CPU.ActiveCfg = Release|Any CPU
		{07E626C4-85E9-43F0-8F76-551B8C3CB060}.Release|Any CPU.Build.0 = Release|Any CPU
		{CBB1B4A6-A746-4B8D-B575-EBE4336B74D9}.Debug|Any CPU.ActiveCfg = Debug|Any CPU
		{CBB1B4A6-A746-4B8D-B575-EBE4336B74D9}.Debug|Any CPU.Build.0 = Debug|Any CPU
		{CBB1B4A6-A746-4B8D-B575-EBE4336B74D9}.Release|Any CPU.ActiveCfg = Release|Any CPU
		{CBB1B4A6-A746-4B8D-B575-EBE4336B74D9}.Release|Any CPU.Build.0 = Release|Any CPU
	EndGlobalSection
	GlobalSection(SolutionProperties) = preSolution
		HideSolutionNode = FALSE
	EndGlobalSection
	GlobalSection(ExtensibilityGlobals) = postSolution
		SolutionGuid = {9A96B3FD-E9CA-4018-8628-1D5756147DF1}
	EndGlobalSection
EndGlobal
